
Microsoft Visual Studio Solution File, Format Version 12.00
# Visual Studio Version 17
VisualStudioVersion = 17.3.32901.215
MinimumVisualStudioVersion = 10.0.40219.1
Project("{9A19103F-16F7-4668-BE54-9A1E7A4F7556}") = "API", "RecruitmentManager\API.csproj", "{C9E9DF4C-6808-4513-9E79-6DE125E8BFB5}"
EndProject
Project("{9A19103F-16F7-4668-BE54-9A1E7A4F7556}") = "Domain", "Domain\Domain.csproj", "{A94FC4C6-33D6-4C2C-874D-362D26E091E9}"
EndProject
Project("{9A19103F-16F7-4668-BE54-9A1E7A4F7556}") = "InfraStructure", "InfraStructure\InfraStructure.csproj", "{EA7C5E50-64A8-4876-A224-B955C5AE2EAF}"
EndProject
Project("{9A19103F-16F7-4668-BE54-9A1E7A4F7556}") = "Application", "Application\Application.csproj", "{F565DAC5-F0C7-4A59-8383-A93D3BD57396}"
EndProject
Project("{9A19103F-16F7-4668-BE54-9A1E7A4F7556}") = "IoC", "IoC\IoC.csproj", "{488C8FDC-4F70-4253-8C6C-C042320119F2}"
EndProject
Project("{9A19103F-16F7-4668-BE54-9A1E7A4F7556}") = "Tests", "Tests\Tests.csproj", "{83AB7F35-08BE-4EFB-8B5D-20041DBFD103}"
EndProject
Project("{2150E333-8FDC-42A3-9474-1A3956D46DE8}") = "src", "src", "{3C11D1EA-B6A5-4736-8F33-B03CF4B773C2}"
EndProject
Global
	GlobalSection(SolutionConfigurationPlatforms) = preSolution
		Debug|Any CPU = Debug|Any CPU
		Release|Any CPU = Release|Any CPU
	EndGlobalSection
	GlobalSection(ProjectConfigurationPlatforms) = postSolution
		{C9E9DF4C-6808-4513-9E79-6DE125E8BFB5}.Debug|Any CPU.ActiveCfg = Debug|Any CPU
		{C9E9DF4C-6808-4513-9E79-6DE125E8BFB5}.Debug|Any CPU.Build.0 = Debug|Any CPU
		{C9E9DF4C-6808-4513-9E79-6DE125E8BFB5}.Release|Any CPU.ActiveCfg = Release|Any CPU
		{C9E9DF4C-6808-4513-9E79-6DE125E8BFB5}.Release|Any CPU.Build.0 = Release|Any CPU
		{A94FC4C6-33D6-4C2C-874D-362D26E091E9}.Debug|Any CPU.ActiveCfg = Debug|Any CPU
		{A94FC4C6-33D6-4C2C-874D-362D26E091E9}.Debug|Any CPU.Build.0 = Debug|Any CPU
		{A94FC4C6-33D6-4C2C-874D-362D26E091E9}.Release|Any CPU.ActiveCfg = Release|Any CPU
		{A94FC4C6-33D6-4C2C-874D-362D26E091E9}.Release|Any CPU.Build.0 = Release|Any CPU
		{EA7C5E50-64A8-4876-A224-B955C5AE2EAF}.Debug|Any CPU.ActiveCfg = Debug|Any CPU
		{EA7C5E50-64A8-4876-A224-B955C5AE2EAF}.Debug|Any CPU.Build.0 = Debug|Any CPU
		{EA7C5E50-64A8-4876-A224-B955C5AE2EAF}.Release|Any CPU.ActiveCfg = Release|Any CPU
		{EA7C5E50-64A8-4876-A224-B955C5AE2EAF}.Release|Any CPU.Build.0 = Release|Any CPU
		{F565DAC5-F0C7-4A59-8383-A93D3BD57396}.Debug|Any CPU.ActiveCfg = Debug|Any CPU
		{F565DAC5-F0C7-4A59-8383-A93D3BD57396}.Debug|Any CPU.Build.0 = Debug|Any CPU
		{F565DAC5-F0C7-4A59-8383-A93D3BD57396}.Release|Any CPU.ActiveCfg = Release|Any CPU
		{F565DAC5-F0C7-4A59-8383-A93D3BD57396}.Release|Any CPU.Build.0 = Release|Any CPU
		{488C8FDC-4F70-4253-8C6C-C042320119F2}.Debug|Any CPU.ActiveCfg = Debug|Any CPU
		{488C8FDC-4F70-4253-8C6C-C042320119F2}.Debug|Any CPU.Build.0 = Debug|Any CPU
		{488C8FDC-4F70-4253-8C6C-C042320119F2}.Release|Any CPU.ActiveCfg = Release|Any CPU
		{488C8FDC-4F70-4253-8C6C-C042320119F2}.Release|Any CPU.Build.0 = Release|Any CPU
		{83AB7F35-08BE-4EFB-8B5D-20041DBFD103}.Debug|Any CPU.ActiveCfg = Debug|Any CPU
		{83AB7F35-08BE-4EFB-8B5D-20041DBFD103}.Debug|Any CPU.Build.0 = Debug|Any CPU
		{83AB7F35-08BE-4EFB-8B5D-20041DBFD103}.Release|Any CPU.ActiveCfg = Release|Any CPU
		{83AB7F35-08BE-4EFB-8B5D-20041DBFD103}.Release|Any CPU.Build.0 = Release|Any CPU
	EndGlobalSection
	GlobalSection(SolutionProperties) = preSolution
		HideSolutionNode = FALSE
	EndGlobalSection
	GlobalSection(NestedProjects) = preSolution
		{C9E9DF4C-6808-4513-9E79-6DE125E8BFB5} = {3C11D1EA-B6A5-4736-8F33-B03CF4B773C2}
		{A94FC4C6-33D6-4C2C-874D-362D26E091E9} = {3C11D1EA-B6A5-4736-8F33-B03CF4B773C2}
		{EA7C5E50-64A8-4876-A224-B955C5AE2EAF} = {3C11D1EA-B6A5-4736-8F33-B03CF4B773C2}
		{F565DAC5-F0C7-4A59-8383-A93D3BD57396} = {3C11D1EA-B6A5-4736-8F33-B03CF4B773C2}
		{488C8FDC-4F70-4253-8C6C-C042320119F2} = {3C11D1EA-B6A5-4736-8F33-B03CF4B773C2}
		{83AB7F35-08BE-4EFB-8B5D-20041DBFD103} = {3C11D1EA-B6A5-4736-8F33-B03CF4B773C2}
	EndGlobalSection
	GlobalSection(ExtensibilityGlobals) = postSolution
		SolutionGuid = {F70C6F99-5B4B-4E6B-9CED-1EFFD9749D93}
	EndGlobalSection
EndGlobal
